
Microsoft Visual Studio Solution File, Format Version 12.00
# Visual Studio Version 17
VisualStudioVersion = 17.14.36310.24
MinimumVisualStudioVersion = 10.0.40219.1
Project("{FAE04EC0-301F-11D3-BF4B-00C04F79EFBC}") = "DevOpsMcp.Server", "DevOpsMcp.Server\DevOpsMcp.Server.csproj", "{27AF6E55-2478-F45A-39CA-AF90FB1FA90D}"
EndProject
Global
	GlobalSection(SolutionConfigurationPlatforms) = preSolution
		Debug|Any CPU = Debug|Any CPU
		Release|Any CPU = Release|Any CPU
	EndGlobalSection
	GlobalSection(ProjectConfigurationPlatforms) = postSolution
		{27AF6E55-2478-F45A-39CA-AF90FB1FA90D}.Debug|Any CPU.ActiveCfg = Debug|Any CPU
		{27AF6E55-2478-F45A-39CA-AF90FB1FA90D}.Debug|Any CPU.Build.0 = Debug|Any CPU
		{27AF6E55-2478-F45A-39CA-AF90FB1FA90D}.Release|Any CPU.ActiveCfg = Release|Any CPU
		{27AF6E55-2478-F45A-39CA-AF90FB1FA90D}.Release|Any CPU.Build.0 = Release|Any CPU
	EndGlobalSection
	GlobalSection(SolutionProperties) = preSolution
		HideSolutionNode = FALSE
	EndGlobalSection
	GlobalSection(ExtensibilityGlobals) = postSolution
		SolutionGuid = {AD6F5B5B-4012-4024-B26F-76F64E59F10F}
	EndGlobalSection
EndGlobal
